
Microsoft Visual Studio Solution File, Format Version 12.00
# Visual Studio 2013
VisualStudioVersion = 12.0.21005.1
MinimumVisualStudioVersion = 10.0.40219.1
Project("{FAE04EC0-301F-11D3-BF4B-00C04F79EFBC}") = "Mvc_AngularJs_Demo", "Mvc_AngularJs_Demo\Mvc_AngularJs_Demo.csproj", "{DDB8DC09-18AD-4624-8E2E-3A3989110EDC}"
EndProject
Project("{FAE04EC0-301F-11D3-BF4B-00C04F79EFBC}") = "RESTApi", "RESTApi\RESTApi.csproj", "{BB418A53-DF3C-4013-91E8-8A22DE28CDFE}"
EndProject
Global
	GlobalSection(SolutionConfigurationPlatforms) = preSolution
		Debug|Any CPU = Debug|Any CPU
		Release|Any CPU = Release|Any CPU
	EndGlobalSection
	GlobalSection(ProjectConfigurationPlatforms) = postSolution
		{DDB8DC09-18AD-4624-8E2E-3A3989110EDC}.Debug|Any CPU.ActiveCfg = Debug|Any CPU
		{DDB8DC09-18AD-4624-8E2E-3A3989110EDC}.Debug|Any CPU.Build.0 = Debug|Any CPU
		{DDB8DC09-18AD-4624-8E2E-3A3989110EDC}.Release|Any CPU.ActiveCfg = Release|Any CPU
		{DDB8DC09-18AD-4624-8E2E-3A3989110EDC}.Release|Any CPU.Build.0 = Release|Any CPU
		{BB418A53-DF3C-4013-91E8-8A22DE28CDFE}.Debug|Any CPU.ActiveCfg = Debug|Any CPU
		{BB418A53-DF3C-4013-91E8-8A22DE28CDFE}.Debug|Any CPU.Build.0 = Debug|Any CPU
		{BB418A53-DF3C-4013-91E8-8A22DE28CDFE}.Release|Any CPU.ActiveCfg = Release|Any CPU
		{BB418A53-DF3C-4013-91E8-8A22DE28CDFE}.Release|Any CPU.Build.0 = Release|Any CPU
	EndGlobalSection
	GlobalSection(SolutionProperties) = preSolution
		HideSolutionNode = FALSE
	EndGlobalSection
EndGlobal
